
Microsoft Visual Studio Solution File, Format Version 12.00
# Visual Studio 15
VisualStudioVersion = 15.0.26430.14
MinimumVisualStudioVersion = 10.0.40219.1
Project("{FAE04EC0-301F-11D3-BF4B-00C04F79EFBC}") = "Desmos.Hosts.ConsoleApp", "Desmos.Hosts.ConsoleApp\Desmos.Hosts.ConsoleApp.csproj", "{A910CDF1-A163-414C-B367-A539C00F440F}"
EndProject
Project("{FAE04EC0-301F-11D3-BF4B-00C04F79EFBC}") = "Desmos.Models", "Desmos.Models\Desmos.Models.csproj", "{04E6BB1F-1140-412E-9ED3-7B71DB3898C0}"
EndProject
Project("{FAE04EC0-301F-11D3-BF4B-00C04F79EFBC}") = "Desmos.Repositories", "Desmos.Repositories\Desmos.Repositories.csproj", "{C1C97391-0B0C-4D34-9F63-E158BCAFD386}"
EndProject
Project("{FAE04EC0-301F-11D3-BF4B-00C04F79EFBC}") = "Desmos.Models.Tests.Unit", "Desmos.Models.Tests.Unit\Desmos.Models.Tests.Unit.csproj", "{C7883991-186D-4052-B2EA-FFF3D0FDDDE0}"
EndProject
Global
	GlobalSection(SolutionConfigurationPlatforms) = preSolution
		Debug|Any CPU = Debug|Any CPU
		Release|Any CPU = Release|Any CPU
	EndGlobalSection
	GlobalSection(ProjectConfigurationPlatforms) = postSolution
		{A910CDF1-A163-414C-B367-A539C00F440F}.Debug|Any CPU.ActiveCfg = Debug|Any CPU
		{A910CDF1-A163-414C-B367-A539C00F440F}.Debug|Any CPU.Build.0 = Debug|Any CPU
		{A910CDF1-A163-414C-B367-A539C00F440F}.Release|Any CPU.ActiveCfg = Release|Any CPU
		{A910CDF1-A163-414C-B367-A539C00F440F}.Release|Any CPU.Build.0 = Release|Any CPU
		{04E6BB1F-1140-412E-9ED3-7B71DB3898C0}.Debug|Any CPU.ActiveCfg = Debug|Any CPU
		{04E6BB1F-1140-412E-9ED3-7B71DB3898C0}.Debug|Any CPU.Build.0 = Debug|Any CPU
		{04E6BB1F-1140-412E-9ED3-7B71DB3898C0}.Release|Any CPU.ActiveCfg = Release|Any CPU
		{04E6BB1F-1140-412E-9ED3-7B71DB3898C0}.Release|Any CPU.Build.0 = Release|Any CPU
		{C1C97391-0B0C-4D34-9F63-E158BCAFD386}.Debug|Any CPU.ActiveCfg = Debug|Any CPU
		{C1C97391-0B0C-4D34-9F63-E158BCAFD386}.Debug|Any CPU.Build.0 = Debug|Any CPU
		{C1C97391-0B0C-4D34-9F63-E158BCAFD386}.Release|Any CPU.ActiveCfg = Release|Any CPU
		{C1C97391-0B0C-4D34-9F63-E158BCAFD386}.Release|Any CPU.Build.0 = Release|Any CPU
		{C7883991-186D-4052-B2EA-FFF3D0FDDDE0}.Debug|Any CPU.ActiveCfg = Debug|Any CPU
		{C7883991-186D-4052-B2EA-FFF3D0FDDDE0}.Debug|Any CPU.Build.0 = Debug|Any CPU
		{C7883991-186D-4052-B2EA-FFF3D0FDDDE0}.Release|Any CPU.ActiveCfg = Release|Any CPU
		{C7883991-186D-4052-B2EA-FFF3D0FDDDE0}.Release|Any CPU.Build.0 = Release|Any CPU
	EndGlobalSection
	GlobalSection(SolutionProperties) = preSolution
		HideSolutionNode = FALSE
	EndGlobalSection
EndGlobal
